
Microsoft Visual Studio Solution File, Format Version 12.00
# Visual Studio 15
VisualStudioVersion = 15.0.28307.1000
MinimumVisualStudioVersion = 10.0.40219.1
Project("{FAE04EC0-301F-11D3-BF4B-00C04F79EFBC}") = "CmsShoppingCart", "CmsShoppingCart\CmsShoppingCart.csproj", "{33EE4EDE-C41A-4142-BEA0-19CF458D889F}"
EndProject
Global
	GlobalSection(SolutionConfigurationPlatforms) = preSolution
		Debug|Any CPU = Debug|Any CPU
		Release|Any CPU = Release|Any CPU
	EndGlobalSection
	GlobalSection(ProjectConfigurationPlatforms) = postSolution
		{33EE4EDE-C41A-4142-BEA0-19CF458D889F}.Debug|Any CPU.ActiveCfg = Debug|Any CPU
		{33EE4EDE-C41A-4142-BEA0-19CF458D889F}.Debug|Any CPU.Build.0 = Debug|Any CPU
		{33EE4EDE-C41A-4142-BEA0-19CF458D889F}.Release|Any CPU.ActiveCfg = Release|Any CPU
		{33EE4EDE-C41A-4142-BEA0-19CF458D889F}.Release|Any CPU.Build.0 = Release|Any CPU
	EndGlobalSection
	GlobalSection(SolutionProperties) = preSolution
		HideSolutionNode = FALSE
	EndGlobalSection
	GlobalSection(ExtensibilityGlobals) = postSolution
		SolutionGuid = {ACD8FF6F-25BA-4442-8AAD-B2FF0AB1D169}
	EndGlobalSection
EndGlobal
